
Microsoft Visual Studio Solution File, Format Version 12.00
# Visual Studio Version 17
VisualStudioVersion = 17.9.34723.18
MinimumVisualStudioVersion = 10.0.40219.1
Project("{9A19103F-16F7-4668-BE54-9A1E7A4F7556}") = "Api", "Api\Api.csproj", "{6141B8AF-B22C-478B-ADC4-C8A84DC071A1}"
EndProject
Project("{9A19103F-16F7-4668-BE54-9A1E7A4F7556}") = "Domain", "Domain\Domain.csproj", "{42547B4F-90D7-4EF4-934E-C4FAE03A6372}"
EndProject
Project("{9A19103F-16F7-4668-BE54-9A1E7A4F7556}") = "Infrastructure", "Infraestrutura\Infrastructure.csproj", "{09D47681-B2F1-42EC-B3F8-A22A8067D4F9}"
EndProject
Project("{9A19103F-16F7-4668-BE54-9A1E7A4F7556}") = "Application", "Application\Application.csproj", "{AECCAFDF-C0ED-4363-B0FE-CB4B600B7BAE}"
EndProject
Project("{FAE04EC0-301F-11D3-BF4B-00C04F79EFBC}") = "Application.UnitTest", "Application.Test\Application.UnitTest.csproj", "{399D9F3B-3BE5-4024-AF4D-943DAC6816F5}"
EndProject
Project("{FAE04EC0-301F-11D3-BF4B-00C04F79EFBC}") = "Api.IntegrationTest", "Api.Test\Api.IntegrationTest.csproj", "{EA641B69-CFCE-4FDA-92DD-E403EC94B7D8}"
EndProject
Project("{2150E333-8FDC-42A3-9474-1A3956D46DE8}") = "Tests", "Tests", "{2A05437A-6531-438B-B7CF-0F83F2DB7DE0}"
EndProject
Global
	GlobalSection(SolutionConfigurationPlatforms) = preSolution
		Debug|Any CPU = Debug|Any CPU
		Release|Any CPU = Release|Any CPU
	EndGlobalSection
	GlobalSection(ProjectConfigurationPlatforms) = postSolution
		{6141B8AF-B22C-478B-ADC4-C8A84DC071A1}.Debug|Any CPU.ActiveCfg = Debug|Any CPU
		{6141B8AF-B22C-478B-ADC4-C8A84DC071A1}.Debug|Any CPU.Build.0 = Debug|Any CPU
		{6141B8AF-B22C-478B-ADC4-C8A84DC071A1}.Release|Any CPU.ActiveCfg = Release|Any CPU
		{6141B8AF-B22C-478B-ADC4-C8A84DC071A1}.Release|Any CPU.Build.0 = Release|Any CPU
		{42547B4F-90D7-4EF4-934E-C4FAE03A6372}.Debug|Any CPU.ActiveCfg = Debug|Any CPU
		{42547B4F-90D7-4EF4-934E-C4FAE03A6372}.Debug|Any CPU.Build.0 = Debug|Any CPU
		{42547B4F-90D7-4EF4-934E-C4FAE03A6372}.Release|Any CPU.ActiveCfg = Release|Any CPU
		{42547B4F-90D7-4EF4-934E-C4FAE03A6372}.Release|Any CPU.Build.0 = Release|Any CPU
		{09D47681-B2F1-42EC-B3F8-A22A8067D4F9}.Debug|Any CPU.ActiveCfg = Debug|Any CPU
		{09D47681-B2F1-42EC-B3F8-A22A8067D4F9}.Debug|Any CPU.Build.0 = Debug|Any CPU
		{09D47681-B2F1-42EC-B3F8-A22A8067D4F9}.Release|Any CPU.ActiveCfg = Release|Any CPU
		{09D47681-B2F1-42EC-B3F8-A22A8067D4F9}.Release|Any CPU.Build.0 = Release|Any CPU
		{AECCAFDF-C0ED-4363-B0FE-CB4B600B7BAE}.Debug|Any CPU.ActiveCfg = Debug|Any CPU
		{AECCAFDF-C0ED-4363-B0FE-CB4B600B7BAE}.Debug|Any CPU.Build.0 = Debug|Any CPU
		{AECCAFDF-C0ED-4363-B0FE-CB4B600B7BAE}.Release|Any CPU.ActiveCfg = Release|Any CPU
		{AECCAFDF-C0ED-4363-B0FE-CB4B600B7BAE}.Release|Any CPU.Build.0 = Release|Any CPU
		{399D9F3B-3BE5-4024-AF4D-943DAC6816F5}.Debug|Any CPU.ActiveCfg = Debug|Any CPU
		{399D9F3B-3BE5-4024-AF4D-943DAC6816F5}.Debug|Any CPU.Build.0 = Debug|Any CPU
		{399D9F3B-3BE5-4024-AF4D-943DAC6816F5}.Release|Any CPU.ActiveCfg = Release|Any CPU
		{399D9F3B-3BE5-4024-AF4D-943DAC6816F5}.Release|Any CPU.Build.0 = Release|Any CPU
		{EA641B69-CFCE-4FDA-92DD-E403EC94B7D8}.Debug|Any CPU.ActiveCfg = Debug|Any CPU
		{EA641B69-CFCE-4FDA-92DD-E403EC94B7D8}.Debug|Any CPU.Build.0 = Debug|Any CPU
		{EA641B69-CFCE-4FDA-92DD-E403EC94B7D8}.Release|Any CPU.ActiveCfg = Release|Any CPU
		{EA641B69-CFCE-4FDA-92DD-E403EC94B7D8}.Release|Any CPU.Build.0 = Release|Any CPU
	EndGlobalSection
	GlobalSection(SolutionProperties) = preSolution
		HideSolutionNode = FALSE
	EndGlobalSection
	GlobalSection(NestedProjects) = preSolution
		{399D9F3B-3BE5-4024-AF4D-943DAC6816F5} = {2A05437A-6531-438B-B7CF-0F83F2DB7DE0}
		{EA641B69-CFCE-4FDA-92DD-E403EC94B7D8} = {2A05437A-6531-438B-B7CF-0F83F2DB7DE0}
	EndGlobalSection
	GlobalSection(ExtensibilityGlobals) = postSolution
		SolutionGuid = {5FA64232-0A28-43F1-B05B-C37A620B49BB}
	EndGlobalSection
EndGlobal
