
Microsoft Visual Studio Solution File, Format Version 12.00
# Visual Studio Version 17
VisualStudioVersion = 17.9.34723.18
MinimumVisualStudioVersion = 10.0.40219.1
Project("{9A19103F-16F7-4668-BE54-9A1E7A4F7556}") = "Api", "Api\Api.csproj", "{6141B8AF-B22C-478B-ADC4-C8A84DC071A1}"
EndProject
Project("{9A19103F-16F7-4668-BE54-9A1E7A4F7556}") = "Domain", "Domain\Domain.csproj", "{42547B4F-90D7-4EF4-934E-C4FAE03A6372}"
EndProject
Project("{9A19103F-16F7-4668-BE54-9A1E7A4F7556}") = "Infrastructure", "Infraestrutura\Infrastructure.csproj", "{09D47681-B2F1-42EC-B3F8-A22A8067D4F9}"
EndProject
Project("{9A19103F-16F7-4668-BE54-9A1E7A4F7556}") = "Application", "Application\Application.csproj", "{AECCAFDF-C0ED-4363-B0FE-CB4B600B7BAE}"
EndProject
Global
	GlobalSection(SolutionConfigurationPlatforms) = preSolution
		Debug|Any CPU = Debug|Any CPU
		Release|Any CPU = Release|Any CPU
	EndGlobalSection
	GlobalSection(ProjectConfigurationPlatforms) = postSolution
		{6141B8AF-B22C-478B-ADC4-C8A84DC071A1}.Debug|Any CPU.ActiveCfg = Debug|Any CPU
		{6141B8AF-B22C-478B-ADC4-C8A84DC071A1}.Debug|Any CPU.Build.0 = Debug|Any CPU
		{6141B8AF-B22C-478B-ADC4-C8A84DC071A1}.Release|Any CPU.ActiveCfg = Release|Any CPU
		{6141B8AF-B22C-478B-ADC4-C8A84DC071A1}.Release|Any CPU.Build.0 = Release|Any CPU
		{42547B4F-90D7-4EF4-934E-C4FAE03A6372}.Debug|Any CPU.ActiveCfg = Debug|Any CPU
		{42547B4F-90D7-4EF4-934E-C4FAE03A6372}.Debug|Any CPU.Build.0 = Debug|Any CPU
		{42547B4F-90D7-4EF4-934E-C4FAE03A6372}.Release|Any CPU.ActiveCfg = Release|Any CPU
		{42547B4F-90D7-4EF4-934E-C4FAE03A6372}.Release|Any CPU.Build.0 = Release|Any CPU
		{09D47681-B2F1-42EC-B3F8-A22A8067D4F9}.Debug|Any CPU.ActiveCfg = Debug|Any CPU
		{09D47681-B2F1-42EC-B3F8-A22A8067D4F9}.Debug|Any CPU.Build.0 = Debug|Any CPU
		{09D47681-B2F1-42EC-B3F8-A22A8067D4F9}.Release|Any CPU.ActiveCfg = Release|Any CPU
		{09D47681-B2F1-42EC-B3F8-A22A8067D4F9}.Release|Any CPU.Build.0 = Release|Any CPU
		{AECCAFDF-C0ED-4363-B0FE-CB4B600B7BAE}.Debug|Any CPU.ActiveCfg = Debug|Any CPU
		{AECCAFDF-C0ED-4363-B0FE-CB4B600B7BAE}.Debug|Any CPU.Build.0 = Debug|Any CPU
		{AECCAFDF-C0ED-4363-B0FE-CB4B600B7BAE}.Release|Any CPU.ActiveCfg = Release|Any CPU
		{AECCAFDF-C0ED-4363-B0FE-CB4B600B7BAE}.Release|Any CPU.Build.0 = Release|Any CPU
	EndGlobalSection
	GlobalSection(SolutionProperties) = preSolution
		HideSolutionNode = FALSE
	EndGlobalSection
	GlobalSection(ExtensibilityGlobals) = postSolution
		SolutionGuid = {5FA64232-0A28-43F1-B05B-C37A620B49BB}
	EndGlobalSection
EndGlobal
